
Microsoft Visual Studio Solution File, Format Version 12.00
# Visual Studio Version 17
VisualStudioVersion = 17.4.33205.214
MinimumVisualStudioVersion = 10.0.40219.1
Project("{FAE04EC0-301F-11D3-BF4B-00C04F79EFBC}") = "MatiasProject", "MatiasProject\MatiasProject.csproj", "{8DEDEFEE-B620-4EA1-BF3C-75D603FB5875}"
EndProject
Global
	GlobalSection(SolutionConfigurationPlatforms) = preSolution
		Debug|Any CPU = Debug|Any CPU
		Release|Any CPU = Release|Any CPU
	EndGlobalSection
	GlobalSection(ProjectConfigurationPlatforms) = postSolution
		{8DEDEFEE-B620-4EA1-BF3C-75D603FB5875}.Debug|Any CPU.ActiveCfg = Debug|Any CPU
		{8DEDEFEE-B620-4EA1-BF3C-75D603FB5875}.Debug|Any CPU.Build.0 = Debug|Any CPU
		{8DEDEFEE-B620-4EA1-BF3C-75D603FB5875}.Release|Any CPU.ActiveCfg = Release|Any CPU
		{8DEDEFEE-B620-4EA1-BF3C-75D603FB5875}.Release|Any CPU.Build.0 = Release|Any CPU
	EndGlobalSection
	GlobalSection(SolutionProperties) = preSolution
		HideSolutionNode = FALSE
	EndGlobalSection
	GlobalSection(ExtensibilityGlobals) = postSolution
		SolutionGuid = {0EFED12C-002D-4042-912B-001C90243C21}
	EndGlobalSection
EndGlobal
